
Microsoft Visual Studio Solution File, Format Version 12.00
# Visual Studio Version 16
VisualStudioVersion = 16.0.32930.78
MinimumVisualStudioVersion = 10.0.40219.1
Project("{FAE04EC0-301F-11D3-BF4B-00C04F79EFBC}") = "LangLexer", "LangLexer\LangLexer.csproj", "{6D923D0F-FC19-4022-B74E-EEB79D3F3678}"
EndProject
Global
	GlobalSection(SolutionConfigurationPlatforms) = preSolution
		Debug|Any CPU = Debug|Any CPU
		Release|Any CPU = Release|Any CPU
	EndGlobalSection
	GlobalSection(ProjectConfigurationPlatforms) = postSolution
		{6D923D0F-FC19-4022-B74E-EEB79D3F3678}.Debug|Any CPU.ActiveCfg = Debug|Any CPU
		{6D923D0F-FC19-4022-B74E-EEB79D3F3678}.Debug|Any CPU.Build.0 = Debug|Any CPU
		{6D923D0F-FC19-4022-B74E-EEB79D3F3678}.Release|Any CPU.ActiveCfg = Release|Any CPU
		{6D923D0F-FC19-4022-B74E-EEB79D3F3678}.Release|Any CPU.Build.0 = Release|Any CPU
	EndGlobalSection
	GlobalSection(SolutionProperties) = preSolution
		HideSolutionNode = FALSE
	EndGlobalSection
	GlobalSection(ExtensibilityGlobals) = postSolution
		SolutionGuid = {464F02F3-3DF0-4A61-8F2A-E3C52E4A42EE}
	EndGlobalSection
EndGlobal
